{
  "originHash" : "3ff82d8acf7701ea0350d3ead6740e5ba842841386edfbcdd4773a1b9e5bb202",
  "pins" : [
    {
      "identity" : "progress.swift",
      "kind" : "remoteSourceControl",
      "location" : "https://github.com/jkandzi/Progress.swift",
      "state" : {
        "revision" : "fed6598735d7982058690acf8f52a0a5fdaeb3e0",
        "version" : "0.4.0"
      }
    },
    {
      "identity" : "rainbow",
      "kind" : "remoteSourceControl",
      "location" : "https://github.com/onevcat/Rainbow",
      "state" : {
        "revision" : "e0dada9cd44e3fa7ec3b867e49a8ddbf543e3df3",
        "version" : "4.0.1"
      }
    },
    {
      "identity" : "universalis-swift",
      "kind" : "remoteSourceControl",
      "location" : "https://github.com/Eisenhuth/universalis-swift/",
      "state" : {
        "branch" : "master",
        "revision" : "8dbe55d1ec8d172965d1c7abf762a141eac28e20"
      }
    },
    {
      "identity" : "xivapi-swift",
      "kind" : "remoteSourceControl",
      "location" : "https://github.com/Eisenhuth/xivapi-swift",
      "state" : {
        "branch" : "master",
        "revision" : "4eede8343b09d2cafb750fcb25c3ddb2aa44f058"
      }
    }
  ],
  "version" : 3
}
