{
  "originHash" : "6964eeb3f8b6a730ec85ad26eeb467b6161b2e334ccec5d29cf30a6b2d147900",
  "pins" : [
    {
      "identity" : "progress.swift",
      "kind" : "remoteSourceControl",
      "location" : "https://github.com/jkandzi/Progress.swift",
      "state" : {
        "revision" : "fed6598735d7982058690acf8f52a0a5fdaeb3e0",
        "version" : "0.4.0"
      }
    },
    {
      "identity" : "rainbow",
      "kind" : "remoteSourceControl",
      "location" : "https://github.com/onevcat/Rainbow",
      "state" : {
        "revision" : "e0dada9cd44e3fa7ec3b867e49a8ddbf543e3df3",
        "version" : "4.0.1"
      }
    },
    {
      "identity" : "universalis-swift",
      "kind" : "remoteSourceControl",
      "location" : "https://github.com/Eisenhuth/universalis-swift/",
      "state" : {
        "branch" : "master",
        "revision" : "23ebcbc0ffa9733e8dc06c2d785b7ef1c174de7f"
      }
    },
    {
      "identity" : "xivapi-swift",
      "kind" : "remoteSourceControl",
      "location" : "https://github.com/Eisenhuth/xivapi-swift",
      "state" : {
        "branch" : "master",
        "revision" : "48cdb92022548e02ff41c47d47e81b6fa9897286"
      }
    }
  ],
  "version" : 3
}
